
Microsoft Visual Studio Solution File, Format Version 12.00
# Visual Studio Version 17
VisualStudioVersion = 17.14.36401.2 d17.14
MinimumVisualStudioVersion = 10.0.40219.1
Project("{FAE04EC0-301F-11D3-BF4B-00C04F79EFBC}") = "latihanmethod1", "latihanmethod1\latihanmethod1.csproj", "{BB171567-818B-4662-BE3A-C476D3F0D995}"
EndProject
Global
	GlobalSection(SolutionConfigurationPlatforms) = preSolution
		Debug|Any CPU = Debug|Any CPU
		Release|Any CPU = Release|Any CPU
	EndGlobalSection
	GlobalSection(ProjectConfigurationPlatforms) = postSolution
		{BB171567-818B-4662-BE3A-C476D3F0D995}.Debug|Any CPU.ActiveCfg = Debug|Any CPU
		{BB171567-818B-4662-BE3A-C476D3F0D995}.Debug|Any CPU.Build.0 = Debug|Any CPU
		{BB171567-818B-4662-BE3A-C476D3F0D995}.Release|Any CPU.ActiveCfg = Release|Any CPU
		{BB171567-818B-4662-BE3A-C476D3F0D995}.Release|Any CPU.Build.0 = Release|Any CPU
	EndGlobalSection
	GlobalSection(SolutionProperties) = preSolution
		HideSolutionNode = FALSE
	EndGlobalSection
	GlobalSection(ExtensibilityGlobals) = postSolution
		SolutionGuid = {69BF144F-3D5F-4A41-AD26-7A94C37CB405}
	EndGlobalSection
EndGlobal
